
Microsoft Visual Studio Solution File, Format Version 12.00
# Visual Studio 2015
Project("{FAE04EC0-301F-11D3-BF4B-00C04F79EFBC}") = "IntimeWarClient.Plugins", "IntimeWarClient.Plugins.csproj", "{B706C9CB-2D91-386B-8CF9-983EE9E1E2C1}"
EndProject
Project("{FAE04EC0-301F-11D3-BF4B-00C04F79EFBC}") = "IntimeWarClient", "IntimeWarClient.csproj", "{9303F047-D5D4-E327-9B39-FF34E01EAE46}"
EndProject
Project("{FAE04EC0-301F-11D3-BF4B-00C04F79EFBC}") = "IntimeWarClient.Editor", "IntimeWarClient.Editor.csproj", "{693136F2-4448-4DD5-F8D1-74D305E03991}"
EndProject
Global
	GlobalSection(SolutionConfigurationPlatforms) = preSolution
		Debug|Any CPU = Debug|Any CPU
		Release|Any CPU = Release|Any CPU
	EndGlobalSection
	GlobalSection(ProjectConfigurationPlatforms) = postSolution
		{B706C9CB-2D91-386B-8CF9-983EE9E1E2C1}.Debug|Any CPU.ActiveCfg = Debug|Any CPU
		{B706C9CB-2D91-386B-8CF9-983EE9E1E2C1}.Debug|Any CPU.Build.0 = Debug|Any CPU
		{B706C9CB-2D91-386B-8CF9-983EE9E1E2C1}.Release|Any CPU.ActiveCfg = Release|Any CPU
		{B706C9CB-2D91-386B-8CF9-983EE9E1E2C1}.Release|Any CPU.Build.0 = Release|Any CPU
		{9303F047-D5D4-E327-9B39-FF34E01EAE46}.Debug|Any CPU.ActiveCfg = Debug|Any CPU
		{9303F047-D5D4-E327-9B39-FF34E01EAE46}.Debug|Any CPU.Build.0 = Debug|Any CPU
		{9303F047-D5D4-E327-9B39-FF34E01EAE46}.Release|Any CPU.ActiveCfg = Release|Any CPU
		{9303F047-D5D4-E327-9B39-FF34E01EAE46}.Release|Any CPU.Build.0 = Release|Any CPU
		{693136F2-4448-4DD5-F8D1-74D305E03991}.Debug|Any CPU.ActiveCfg = Debug|Any CPU
		{693136F2-4448-4DD5-F8D1-74D305E03991}.Debug|Any CPU.Build.0 = Debug|Any CPU
		{693136F2-4448-4DD5-F8D1-74D305E03991}.Release|Any CPU.ActiveCfg = Release|Any CPU
		{693136F2-4448-4DD5-F8D1-74D305E03991}.Release|Any CPU.Build.0 = Release|Any CPU
	EndGlobalSection
	GlobalSection(SolutionProperties) = preSolution
		HideSolutionNode = FALSE
	EndGlobalSection
EndGlobal
